// !$*UTF8*$!
{
	archiveVersion = 1;
	classes = {
	};
	objectVersion = 46;
	objects = {

/* Begin PBXBuildFile section */
		057464E4B2E89DFD0542CD01 /* Pods_Desavio_appprova.framework in Frameworks */ = {isa = PBXBuildFile; fileRef = 61F7ACA6E9E9EA92A5E42186 /* Pods_Desavio_appprova.framework */; };
		581004D21E9D15C40010C95E /* AppDelegate.swift in Sources */ = {isa = PBXBuildFile; fileRef = 581004D11E9D15C40010C95E /* AppDelegate.swift */; };
		581004D41E9D15C40010C95E /* ViewController.swift in Sources */ = {isa = PBXBuildFile; fileRef = 581004D31E9D15C40010C95E /* ViewController.swift */; };
		581004D71E9D15C40010C95E /* Main.storyboard in Resources */ = {isa = PBXBuildFile; fileRef = 581004D51E9D15C40010C95E /* Main.storyboard */; };
		581004D91E9D15C40010C95E /* Assets.xcassets in Resources */ = {isa = PBXBuildFile; fileRef = 581004D81E9D15C40010C95E /* Assets.xcassets */; };
		581004DC1E9D15C40010C95E /* LaunchScreen.storyboard in Resources */ = {isa = PBXBuildFile; fileRef = 581004DA1E9D15C40010C95E /* LaunchScreen.storyboard */; };
		581004E71E9D15C40010C95E /* Desavio_appprovaTests.swift in Sources */ = {isa = PBXBuildFile; fileRef = 581004E61E9D15C40010C95E /* Desavio_appprovaTests.swift */; };
		581004F21E9D15C40010C95E /* Desavio_appprovaUITests.swift in Sources */ = {isa = PBXBuildFile; fileRef = 581004F11E9D15C40010C95E /* Desavio_appprovaUITests.swift */; };
		581005211E9D18C40010C95E /* BaseService.swift in Sources */ = {isa = PBXBuildFile; fileRef = 5810051F1E9D18C40010C95E /* BaseService.swift */; };
		581005221E9D18C40010C95E /* Service.swift in Sources */ = {isa = PBXBuildFile; fileRef = 581005201E9D18C40010C95E /* Service.swift */; };
		581005241E9D18D40010C95E /* BaseModel.swift in Sources */ = {isa = PBXBuildFile; fileRef = 581005231E9D18D40010C95E /* BaseModel.swift */; };
		5810052B1E9D1A4C0010C95E /* Repositorio.swift in Sources */ = {isa = PBXBuildFile; fileRef = 5810052A1E9D1A4C0010C95E /* Repositorio.swift */; };
		5810052D1E9D1BA90010C95E /* Owner.swift in Sources */ = {isa = PBXBuildFile; fileRef = 5810052C1E9D1BA90010C95E /* Owner.swift */; };
		5810052F1E9D1D860010C95E /* PullRequest.swift in Sources */ = {isa = PBXBuildFile; fileRef = 5810052E1E9D1D860010C95E /* PullRequest.swift */; };
		581005311E9D24910010C95E /* PullRequestRepositorioViewController.swift in Sources */ = {isa = PBXBuildFile; fileRef = 581005301E9D24910010C95E /* PullRequestRepositorioViewController.swift */; };
		581005331E9D251E0010C95E /* RepositorioTableViewCell.swift in Sources */ = {isa = PBXBuildFile; fileRef = 581005321E9D251E0010C95E /* RepositorioTableViewCell.swift */; };
		581005351E9D25290010C95E /* PullRequestTableViewCell.swift in Sources */ = {isa = PBXBuildFile; fileRef = 581005341E9D25290010C95E /* PullRequestTableViewCell.swift */; };
/* End PBXBuildFile section */

/* Begin PBXContainerItemProxy section */
		581004E31E9D15C40010C95E /* PBXContainerItemProxy */ = {
			isa = PBXContainerItemProxy;
			containerPortal = 581004C61E9D15C40010C95E /* Project object */;
			proxyType = 1;
			remoteGlobalIDString = 581004CD1E9D15C40010C95E;
			remoteInfo = Desavio_appprova;
		};
		581004EE1E9D15C40010C95E /* PBXContainerItemProxy */ = {
			isa = PBXContainerItemProxy;
			containerPortal = 581004C61E9D15C40010C95E /* Project object */;
			proxyType = 1;
			remoteGlobalIDString = 581004CD1E9D15C40010C95E;
			remoteInfo = Desavio_appprova;
		};
/* End PBXContainerItemProxy section */

/* Begin PBXFileReference section */
		581004CE1E9D15C40010C95E /* Desavio_appprova.app */ = {isa = PBXFileReference; explicitFileType = wrapper.application; includeInIndex = 0; path = Desavio_appprova.app; sourceTree = BUILT_PRODUCTS_DIR; };
		581004D11E9D15C40010C95E /* AppDelegate.swift */ = {isa = PBXFileReference; lastKnownFileType = sourcecode.swift; path = AppDelegate.swift; sourceTree = "<group>"; };
		581004D31E9D15C40010C95E /* ViewController.swift */ = {isa = PBXFileReference; lastKnownFileType = sourcecode.swift; path = ViewController.swift; sourceTree = "<group>"; };
		581004D61E9D15C40010C95E /* Base */ = {isa = PBXFileReference; lastKnownFileType = file.storyboard; name = Base; path = Base.lproj/Main.storyboard; sourceTree = "<group>"; };
		581004D81E9D15C40010C95E /* Assets.xcassets */ = {isa = PBXFileReference; lastKnownFileType = folder.assetcatalog; path = Assets.xcassets; sourceTree = "<group>"; };
		581004DB1E9D15C40010C95E /* Base */ = {isa = PBXFileReference; lastKnownFileType = file.storyboard; name = Base; path = Base.lproj/LaunchScreen.storyboard; sourceTree = "<group>"; };
		581004DD1E9D15C40010C95E /* Info.plist */ = {isa = PBXFileReference; lastKnownFileType = text.plist.xml; path = Info.plist; sourceTree = "<group>"; };
		581004E21E9D15C40010C95E /* Desavio_appprovaTests.xctest */ = {isa = PBXFileReference; explicitFileType = wrapper.cfbundle; includeInIndex = 0; path = Desavio_appprovaTests.xctest; sourceTree = BUILT_PRODUCTS_DIR; };
		581004E61E9D15C40010C95E /* Desavio_appprovaTests.swift */ = {isa = PBXFileReference; lastKnownFileType = sourcecode.swift; path = Desavio_appprovaTests.swift; sourceTree = "<group>"; };
		581004E81E9D15C40010C95E /* Info.plist */ = {isa = PBXFileReference; lastKnownFileType = text.plist.xml; path = Info.plist; sourceTree = "<group>"; };
		581004ED1E9D15C40010C95E /* Desavio_appprovaUITests.xctest */ = {isa = PBXFileReference; explicitFileType = wrapper.cfbundle; includeInIndex = 0; path = Desavio_appprovaUITests.xctest; sourceTree = BUILT_PRODUCTS_DIR; };
		581004F11E9D15C40010C95E /* Desavio_appprovaUITests.swift */ = {isa = PBXFileReference; lastKnownFileType = sourcecode.swift; path = Desavio_appprovaUITests.swift; sourceTree = "<group>"; };
		581004F31E9D15C40010C95E /* Info.plist */ = {isa = PBXFileReference; lastKnownFileType = text.plist.xml; path = Info.plist; sourceTree = "<group>"; };
		5810051F1E9D18C40010C95E /* BaseService.swift */ = {isa = PBXFileReference; fileEncoding = 4; lastKnownFileType = sourcecode.swift; path = BaseService.swift; sourceTree = "<group>"; };
		581005201E9D18C40010C95E /* Service.swift */ = {isa = PBXFileReference; fileEncoding = 4; lastKnownFileType = sourcecode.swift; path = Service.swift; sourceTree = "<group>"; };
		581005231E9D18D40010C95E /* BaseModel.swift */ = {isa = PBXFileReference; fileEncoding = 4; lastKnownFileType = sourcecode.swift; path = BaseModel.swift; sourceTree = "<group>"; };
		5810052A1E9D1A4C0010C95E /* Repositorio.swift */ = {isa = PBXFileReference; fileEncoding = 4; lastKnownFileType = sourcecode.swift; path = Repositorio.swift; sourceTree = "<group>"; };
		5810052C1E9D1BA90010C95E /* Owner.swift */ = {isa = PBXFileReference; fileEncoding = 4; lastKnownFileType = sourcecode.swift; path = Owner.swift; sourceTree = "<group>"; };
		5810052E1E9D1D860010C95E /* PullRequest.swift */ = {isa = PBXFileReference; fileEncoding = 4; lastKnownFileType = sourcecode.swift; path = PullRequest.swift; sourceTree = "<group>"; };
		581005301E9D24910010C95E /* PullRequestRepositorioViewController.swift */ = {isa = PBXFileReference; fileEncoding = 4; lastKnownFileType = sourcecode.swift; path = PullRequestRepositorioViewController.swift; sourceTree = "<group>"; };
		581005321E9D251E0010C95E /* RepositorioTableViewCell.swift */ = {isa = PBXFileReference; fileEncoding = 4; lastKnownFileType = sourcecode.swift; path = RepositorioTableViewCell.swift; sourceTree = "<group>"; };
		581005341E9D25290010C95E /* PullRequestTableViewCell.swift */ = {isa = PBXFileReference; fileEncoding = 4; lastKnownFileType = sourcecode.swift; path = PullRequestTableViewCell.swift; sourceTree = "<group>"; };
		61F7ACA6E9E9EA92A5E42186 /* Pods_Desavio_appprova.framework */ = {isa = PBXFileReference; explicitFileType = wrapper.framework; includeInIndex = 0; path = Pods_Desavio_appprova.framework; sourceTree = BUILT_PRODUCTS_DIR; };
		809FD1D7A56CA6FDFBD5E715 /* Pods-Desavio_appprova.release.xcconfig */ = {isa = PBXFileReference; includeInIndex = 1; lastKnownFileType = text.xcconfig; name = "Pods-Desavio_appprova.release.xcconfig"; path = "Pods/Target Support Files/Pods-Desavio_appprova/Pods-Desavio_appprova.release.xcconfig"; sourceTree = "<group>"; };
		B00CCB1F8608510AFB9D7C91 /* Pods-Desavio_appprova.debug.xcconfig */ = {isa = PBXFileReference; includeInIndex = 1; lastKnownFileType = text.xcconfig; name = "Pods-Desavio_appprova.debug.xcconfig"; path = "Pods/Target Support Files/Pods-Desavio_appprova/Pods-Desavio_appprova.debug.xcconfig"; sourceTree = "<group>"; };
/* End PBXFileReference section */

/* Begin PBXFrameworksBuildPhase section */
		581004CB1E9D15C40010C95E /* Frameworks */ = {
			isa = PBXFrameworksBuildPhase;
			buildActionMask = 2147483647;
			files = (
				057464E4B2E89DFD0542CD01 /* Pods_Desavio_appprova.framework in Frameworks */,
			);
			runOnlyForDeploymentPostprocessing = 0;
		};
		581004DF1E9D15C40010C95E /* Frameworks */ = {
			isa = PBXFrameworksBuildPhase;
			buildActionMask = 2147483647;
			files = (
			);
			runOnlyForDeploymentPostprocessing = 0;
		};
		581004EA1E9D15C40010C95E /* Frameworks */ = {
			isa = PBXFrameworksBuildPhase;
			buildActionMask = 2147483647;
			files = (
			);
			runOnlyForDeploymentPostprocessing = 0;
		};
/* End PBXFrameworksBuildPhase section */

/* Begin PBXGroup section */
		581004C51E9D15C40010C95E = {
			isa = PBXGroup;
			children = (
				581004D01E9D15C40010C95E /* Desavio_appprova */,
				581004E51E9D15C40010C95E /* Desavio_appprovaTests */,
				581004F01E9D15C40010C95E /* Desavio_appprovaUITests */,
				581004CF1E9D15C40010C95E /* Products */,
				6FD920C0FF3D7B122400AC0C /* Pods */,
				7631229F75F5ECC21A22DBEE /* Frameworks */,
			);
			sourceTree = "<group>";
		};
		581004CF1E9D15C40010C95E /* Products */ = {
			isa = PBXGroup;
			children = (
				581004CE1E9D15C40010C95E /* Desavio_appprova.app */,
				581004E21E9D15C40010C95E /* Desavio_appprovaTests.xctest */,
				581004ED1E9D15C40010C95E /* Desavio_appprovaUITests.xctest */,
			);
			name = Products;
			sourceTree = "<group>";
		};
		581004D01E9D15C40010C95E /* Desavio_appprova */ = {
			isa = PBXGroup;
			children = (
				581004D11E9D15C40010C95E /* AppDelegate.swift */,
				581005281E9D18F60010C95E /* Model */,
				581005271E9D18EF0010C95E /* Resources */,
				581005291E9D18FF0010C95E /* Service */,
				581005261E9D18E80010C95E /* Storyboard */,
				581005251E9D18E00010C95E /* ViewControllers */,
			);
			path = Desavio_appprova;
			sourceTree = "<group>";
		};
		581004E51E9D15C40010C95E /* Desavio_appprovaTests */ = {
			isa = PBXGroup;
			children = (
				581004E61E9D15C40010C95E /* Desavio_appprovaTests.swift */,
				581004E81E9D15C40010C95E /* Info.plist */,
			);
			path = Desavio_appprovaTests;
			sourceTree = "<group>";
		};
		581004F01E9D15C40010C95E /* Desavio_appprovaUITests */ = {
			isa = PBXGroup;
			children = (
				581004F11E9D15C40010C95E /* Desavio_appprovaUITests.swift */,
				581004F31E9D15C40010C95E /* Info.plist */,
			);
			path = Desavio_appprovaUITests;
			sourceTree = "<group>";
		};
		581005251E9D18E00010C95E /* ViewControllers */ = {
			isa = PBXGroup;
			children = (
				581004D31E9D15C40010C95E /* ViewController.swift */,
				581005301E9D24910010C95E /* PullRequestRepositorioViewController.swift */,
				581005361E9D25EB0010C95E /* TableViewControllers */,
			);
			name = ViewControllers;
			sourceTree = "<group>";
		};
		581005261E9D18E80010C95E /* Storyboard */ = {
			isa = PBXGroup;
			children = (
				581004D51E9D15C40010C95E /* Main.storyboard */,
				581004DA1E9D15C40010C95E /* LaunchScreen.storyboard */,
			);
			name = Storyboard;
			sourceTree = "<group>";
		};
		581005271E9D18EF0010C95E /* Resources */ = {
			isa = PBXGroup;
			children = (
				581004D81E9D15C40010C95E /* Assets.xcassets */,
				581004DD1E9D15C40010C95E /* Info.plist */,
			);
			name = Resources;
			sourceTree = "<group>";
		};
		581005281E9D18F60010C95E /* Model */ = {
			isa = PBXGroup;
			children = (
				581005231E9D18D40010C95E /* BaseModel.swift */,
				5810052A1E9D1A4C0010C95E /* Repositorio.swift */,
				5810052C1E9D1BA90010C95E /* Owner.swift */,
				5810052E1E9D1D860010C95E /* PullRequest.swift */,
			);
			name = Model;
			sourceTree = "<group>";
		};
		581005291E9D18FF0010C95E /* Service */ = {
			isa = PBXGroup;
			children = (
				5810051F1E9D18C40010C95E /* BaseService.swift */,
				581005201E9D18C40010C95E /* Service.swift */,
			);
			name = Service;
			sourceTree = "<group>";
		};
		581005361E9D25EB0010C95E /* TableViewControllers */ = {
			isa = PBXGroup;
			children = (
				581005321E9D251E0010C95E /* RepositorioTableViewCell.swift */,
				581005341E9D25290010C95E /* PullRequestTableViewCell.swift */,
			);
			name = TableViewControllers;
			sourceTree = "<group>";
		};
		6FD920C0FF3D7B122400AC0C /* Pods */ = {
			isa = PBXGroup;
			children = (
				B00CCB1F8608510AFB9D7C91 /* Pods-Desavio_appprova.debug.xcconfig */,
				809FD1D7A56CA6FDFBD5E715 /* Pods-Desavio_appprova.release.xcconfig */,
			);
			name = Pods;
			sourceTree = "<group>";
		};
		7631229F75F5ECC21A22DBEE /* Frameworks */ = {
			isa = PBXGroup;
			children = (
				61F7ACA6E9E9EA92A5E42186 /* Pods_Desavio_appprova.framework */,
			);
			name = Frameworks;
			sourceTree = "<group>";
		};
/* End PBXGroup section */

/* Begin PBXNativeTarget section */
		581004CD1E9D15C40010C95E /* Desavio_appprova */ = {
			isa = PBXNativeTarget;
			buildConfigurationList = 581004F61E9D15C40010C95E /* Build configuration list for PBXNativeTarget "Desavio_appprova" */;
			buildPhases = (
				5A2EE495BF3090426D46F752 /* [CP] Check Pods Manifest.lock */,
				581004CA1E9D15C40010C95E /* Sources */,
				581004CB1E9D15C40010C95E /* Frameworks */,
				581004CC1E9D15C40010C95E /* Resources */,
				1EDA6E4552225AFECB0B6CBA /* [CP] Embed Pods Frameworks */,
				4AA965C394AEF2CDE1693DD1 /* [CP] Copy Pods Resources */,
			);
			buildRules = (
			);
			dependencies = (
			);
			name = Desavio_appprova;
			productName = Desavio_appprova;
			productReference = 581004CE1E9D15C40010C95E /* Desavio_appprova.app */;
			productType = "com.apple.product-type.application";
		};
		581004E11E9D15C40010C95E /* Desavio_appprovaTests */ = {
			isa = PBXNativeTarget;
			buildConfigurationList = 581004F91E9D15C40010C95E /* Build configuration list for PBXNativeTarget "Desavio_appprovaTests" */;
			buildPhases = (
				581004DE1E9D15C40010C95E /* Sources */,
				581004DF1E9D15C40010C95E /* Frameworks */,
				581004E01E9D15C40010C95E /* Resources */,
			);
			buildRules = (
			);
			dependencies = (
				581004E41E9D15C40010C95E /* PBXTargetDependency */,
			);
			name = Desavio_appprovaTests;
			productName = Desavio_appprovaTests;
			productReference = 581004E21E9D15C40010C95E /* Desavio_appprovaTests.xctest */;
			productType = "com.apple.product-type.bundle.unit-test";
		};
		581004EC1E9D15C40010C95E /* Desavio_appprovaUITests */ = {
			isa = PBXNativeTarget;
			buildConfigurationList = 581004FC1E9D15C40010C95E /* Build configuration list for PBXNativeTarget "Desavio_appprovaUITests" */;
			buildPhases = (
				581004E91E9D15C40010C95E /* Sources */,
				581004EA1E9D15C40010C95E /* Frameworks */,
				581004EB1E9D15C40010C95E /* Resources */,
			);
			buildRules = (
			);
			dependencies = (
				581004EF1E9D15C40010C95E /* PBXTargetDependency */,
			);
			name = Desavio_appprovaUITests;
			productName = Desavio_appprovaUITests;
			productReference = 581004ED1E9D15C40010C95E /* Desavio_appprovaUITests.xctest */;
			productType = "com.apple.product-type.bundle.ui-testing";
		};
/* End PBXNativeTarget section */

/* Begin PBXProject section */
		581004C61E9D15C40010C95E /* Project object */ = {
			isa = PBXProject;
			attributes = {
				LastSwiftUpdateCheck = 0830;
				LastUpgradeCheck = 0830;
				ORGANIZATIONNAME = "Gabriel Miranda";
				TargetAttributes = {
					581004CD1E9D15C40010C95E = {
						CreatedOnToolsVersion = 8.3.1;
						DevelopmentTeam = F5GE2RCAJT;
						ProvisioningStyle = Automatic;
					};
					581004E11E9D15C40010C95E = {
						CreatedOnToolsVersion = 8.3.1;
						DevelopmentTeam = F5GE2RCAJT;
						ProvisioningStyle = Automatic;
						TestTargetID = 581004CD1E9D15C40010C95E;
					};
					581004EC1E9D15C40010C95E = {
						CreatedOnToolsVersion = 8.3.1;
						DevelopmentTeam = F5GE2RCAJT;
						ProvisioningStyle = Automatic;
						TestTargetID = 581004CD1E9D15C40010C95E;
					};
				};
			};
			buildConfigurationList = 581004C91E9D15C40010C95E /* Build configuration list for PBXProject "Desavio_appprova" */;
			compatibilityVersion = "Xcode 3.2";
			developmentRegion = English;
			hasScannedForEncodings = 0;
			knownRegions = (
				en,
				Base,
			);
			mainGroup = 581004C51E9D15C40010C95E;
			productRefGroup = 581004CF1E9D15C40010C95E /* Products */;
			projectDirPath = "";
			projectRoot = "";
			targets = (
				581004CD1E9D15C40010C95E /* Desavio_appprova */,
				581004E11E9D15C40010C95E /* Desavio_appprovaTests */,
				581004EC1E9D15C40010C95E /* Desavio_appprovaUITests */,
			);
		};
/* End PBXProject section */

/* Begin PBXResourcesBuildPhase section */
		581004CC1E9D15C40010C95E /* Resources */ = {
			isa = PBXResourcesBuildPhase;
			buildActionMask = 2147483647;
			files = (
				581004DC1E9D15C40010C95E /* LaunchScreen.storyboard in Resources */,
				581004D91E9D15C40010C95E /* Assets.xcassets in Resources */,
				581004D71E9D15C40010C95E /* Main.storyboard in Resources */,
			);
			runOnlyForDeploymentPostprocessing = 0;
		};
		581004E01E9D15C40010C95E /* Resources */ = {
			isa = PBXResourcesBuildPhase;
			buildActionMask = 2147483647;
			files = (
			);
			runOnlyForDeploymentPostprocessing = 0;
		};
		581004EB1E9D15C40010C95E /* Resources */ = {
			isa = PBXResourcesBuildPhase;
			buildActionMask = 2147483647;
			files = (
			);
			runOnlyForDeploymentPostprocessing = 0;
		};
/* End PBXResourcesBuildPhase section */

/* Begin PBXShellScriptBuildPhase section */
		1EDA6E4552225AFECB0B6CBA /* [CP] Embed Pods Frameworks */ = {
			isa = PBXShellScriptBuildPhase;
			buildActionMask = 2147483647;
			files = (
			);
			inputPaths = (
			);
			name = "[CP] Embed Pods Frameworks";
			outputPaths = (
			);
			runOnlyForDeploymentPostprocessing = 0;
			shellPath = /bin/sh;
			shellScript = "\"${SRCROOT}/Pods/Target Support Files/Pods-Desavio_appprova/Pods-Desavio_appprova-frameworks.sh\"\n";
			showEnvVarsInLog = 0;
		};
		4AA965C394AEF2CDE1693DD1 /* [CP] Copy Pods Resources */ = {
			isa = PBXShellScriptBuildPhase;
			buildActionMask = 2147483647;
			files = (
			);
			inputPaths = (
			);
			name = "[CP] Copy Pods Resources";
			outputPaths = (
			);
			runOnlyForDeploymentPostprocessing = 0;
			shellPath = /bin/sh;
			shellScript = "\"${SRCROOT}/Pods/Target Support Files/Pods-Desavio_appprova/Pods-Desavio_appprova-resources.sh\"\n";
			showEnvVarsInLog = 0;
		};
		5A2EE495BF3090426D46F752 /* [CP] Check Pods Manifest.lock */ = {
			isa = PBXShellScriptBuildPhase;
			buildActionMask = 2147483647;
			files = (
			);
			inputPaths = (
			);
			name = "[CP] Check Pods Manifest.lock";
			outputPaths = (
			);
			runOnlyForDeploymentPostprocessing = 0;
			shellPath = /bin/sh;
			shellScript = "diff \"${PODS_ROOT}/../Podfile.lock\" \"${PODS_ROOT}/Manifest.lock\" > /dev/null\nif [ $? != 0 ] ; then\n    # print error to STDERR\n    echo \"error: The sandbox is not in sync with the Podfile.lock. Run 'pod install' or update your CocoaPods installation.\" >&2\n    exit 1\nfi\n";
			showEnvVarsInLog = 0;
		};
/* End PBXShellScriptBuildPhase section */

/* Begin PBXSourcesBuildPhase section */
		581004CA1E9D15C40010C95E /* Sources */ = {
			isa = PBXSourcesBuildPhase;
			buildActionMask = 2147483647;
			files = (
				581004D41E9D15C40010C95E /* ViewController.swift in Sources */,
				5810052B1E9D1A4C0010C95E /* Repositorio.swift in Sources */,
				5810052F1E9D1D860010C95E /* PullRequest.swift in Sources */,
				581005351E9D25290010C95E /* PullRequestTableViewCell.swift in Sources */,
				5810052D1E9D1BA90010C95E /* Owner.swift in Sources */,
				581005221E9D18C40010C95E /* Service.swift in Sources */,
				581004D21E9D15C40010C95E /* AppDelegate.swift in Sources */,
				581005211E9D18C40010C95E /* BaseService.swift in Sources */,
				581005331E9D251E0010C95E /* RepositorioTableViewCell.swift in Sources */,
				581005311E9D24910010C95E /* PullRequestRepositorioViewController.swift in Sources */,
				581005241E9D18D40010C95E /* BaseModel.swift in Sources */,
			);
			runOnlyForDeploymentPostprocessing = 0;
		};
		581004DE1E9D15C40010C95E /* Sources */ = {
			isa = PBXSourcesBuildPhase;
			buildActionMask = 2147483647;
			files = (
				581004E71E9D15C40010C95E /* Desavio_appprovaTests.swift in Sources */,
			);
			runOnlyForDeploymentPostprocessing = 0;
		};
		581004E91E9D15C40010C95E /* Sources */ = {
			isa = PBXSourcesBuildPhase;
			buildActionMask = 2147483647;
			files = (
				581004F21E9D15C40010C95E /* Desavio_appprovaUITests.swift in Sources */,
			);
			runOnlyForDeploymentPostprocessing = 0;
		};
/* End PBXSourcesBuildPhase section */

/* Begin PBXTargetDependency section */
		581004E41E9D15C40010C95E /* PBXTargetDependency */ = {
			isa = PBXTargetDependency;
			target = 581004CD1E9D15C40010C95E /* Desavio_appprova */;
			targetProxy = 581004E31E9D15C40010C95E /* PBXContainerItemProxy */;
		};
		581004EF1E9D15C40010C95E /* PBXTargetDependency */ = {
			isa = PBXTargetDependency;
			target = 581004CD1E9D15C40010C95E /* Desavio_appprova */;
			targetProxy = 581004EE1E9D15C40010C95E /* PBXContainerItemProxy */;
		};
/* End PBXTargetDependency section */

/* Begin PBXVariantGroup section */
		581004D51E9D15C40010C95E /* Main.storyboard */ = {
			isa = PBXVariantGroup;
			children = (
				581004D61E9D15C40010C95E /* Base */,
			);
			name = Main.storyboard;
			sourceTree = "<group>";
		};
		581004DA1E9D15C40010C95E /* LaunchScreen.storyboard */ = {
			isa = PBXVariantGroup;
			children = (
				581004DB1E9D15C40010C95E /* Base */,
			);
			name = LaunchScreen.storyboard;
			sourceTree = "<group>";
		};
/* End PBXVariantGroup section */

/* Begin XCBuildConfiguration section */
		581004F41E9D15C40010C95E /* Debug */ = {
			isa = XCBuildConfiguration;
			buildSettings = {
				ALWAYS_SEARCH_USER_PATHS = NO;
				CLANG_ANALYZER_NONNULL = YES;
				CLANG_ANALYZER_NUMBER_OBJECT_CONVERSION = YES_AGGRESSIVE;
				CLANG_CXX_LANGUAGE_STANDARD = "gnu++0x";
				CLANG_CXX_LIBRARY = "libc++";
				CLANG_ENABLE_MODULES = YES;
				CLANG_ENABLE_OBJC_ARC = YES;
				CLANG_WARN_BOOL_CONVERSION = YES;
				CLANG_WARN_CONSTANT_CONVERSION = YES;
				CLANG_WARN_DIRECT_OBJC_ISA_USAGE = YES_ERROR;
				CLANG_WARN_DOCUMENTATION_COMMENTS = YES;
				CLANG_WARN_EMPTY_BODY = YES;
				CLANG_WARN_ENUM_CONVERSION = YES;
				CLANG_WARN_INFINITE_RECURSION = YES;
				CLANG_WARN_INT_CONVERSION = YES;
				CLANG_WARN_OBJC_ROOT_CLASS = YES_ERROR;
				CLANG_WARN_SUSPICIOUS_MOVE = YES;
				CLANG_WARN_UNREACHABLE_CODE = YES;
				CLANG_WARN__DUPLICATE_METHOD_MATCH = YES;
				"CODE_SIGN_IDENTITY[sdk=iphoneos*]" = "iPhone Developer";
				COPY_PHASE_STRIP = NO;
				DEBUG_INFORMATION_FORMAT = dwarf;
				ENABLE_STRICT_OBJC_MSGSEND = YES;
				ENABLE_TESTABILITY = YES;
				GCC_C_LANGUAGE_STANDARD = gnu99;
				GCC_DYNAMIC_NO_PIC = NO;
				GCC_NO_COMMON_BLOCKS = YES;
				GCC_OPTIMIZATION_LEVEL = 0;
				GCC_PREPROCESSOR_DEFINITIONS = (
					"DEBUG=1",
					"$(inherited)",
				);
				GCC_WARN_64_TO_32_BIT_CONVERSION = YES;
				GCC_WARN_ABOUT_RETURN_TYPE = YES_ERROR;
				GCC_WARN_UNDECLARED_SELECTOR = YES;
				GCC_WARN_UNINITIALIZED_AUTOS = YES_AGGRESSIVE;
				GCC_WARN_UNUSED_FUNCTION = YES;
				GCC_WARN_UNUSED_VARIABLE = YES;
				IPHONEOS_DEPLOYMENT_TARGET = 10.3;
				MTL_ENABLE_DEBUG_INFO = YES;
				ONLY_ACTIVE_ARCH = YES;
				SDKROOT = iphoneos;
				SWIFT_ACTIVE_COMPILATION_CONDITIONS = DEBUG;
				SWIFT_OPTIMIZATION_LEVEL = "-Onone";
				TARGETED_DEVICE_FAMILY = "1,2";
			};
			name = Debug;
		};
		581004F51E9D15C40010C95E /* Release */ = {
			isa = XCBuildConfiguration;
			buildSettings = {
				ALWAYS_SEARCH_USER_PATHS = NO;
				CLANG_ANALYZER_NONNULL = YES;
				CLANG_ANALYZER_NUMBER_OBJECT_CONVERSION = YES_AGGRESSIVE;
				CLANG_CXX_LANGUAGE_STANDARD = "gnu++0x";
				CLANG_CXX_LIBRARY = "libc++";
				CLANG_ENABLE_MODULES = YES;
				CLANG_ENABLE_OBJC_ARC = YES;
				CLANG_WARN_BOOL_CONVERSION = YES;
				CLANG_WARN_CONSTANT_CONVERSION = YES;
				CLANG_WARN_DIRECT_OBJC_ISA_USAGE = YES_ERROR;
				CLANG_WARN_DOCUMENTATION_COMMENTS = YES;
				CLANG_WARN_EMPTY_BODY = YES;
				CLANG_WARN_ENUM_CONVERSION = YES;
				CLANG_WARN_INFINITE_RECURSION = YES;
				CLANG_WARN_INT_CONVERSION = YES;
				CLANG_WARN_OBJC_ROOT_CLASS = YES_ERROR;
				CLANG_WARN_SUSPICIOUS_MOVE = YES;
				CLANG_WARN_UNREACHABLE_CODE = YES;
				CLANG_WARN__DUPLICATE_METHOD_MATCH = YES;
				"CODE_SIGN_IDENTITY[sdk=iphoneos*]" = "iPhone Developer";
				COPY_PHASE_STRIP = NO;
				DEBUG_INFORMATION_FORMAT = "dwarf-with-dsym";
				ENABLE_NS_ASSERTIONS = NO;
				ENABLE_STRICT_OBJC_MSGSEND = YES;
				GCC_C_LANGUAGE_STANDARD = gnu99;
				GCC_NO_COMMON_BLOCKS = YES;
				GCC_WARN_64_TO_32_BIT_CONVERSION = YES;
				GCC_WARN_ABOUT_RETURN_TYPE = YES_ERROR;
				GCC_WARN_UNDECLARED_SELECTOR = YES;
				GCC_WARN_UNINITIALIZED_AUTOS = YES_AGGRESSIVE;
				GCC_WARN_UNUSED_FUNCTION = YES;
				GCC_WARN_UNUSED_VARIABLE = YES;
				IPHONEOS_DEPLOYMENT_TARGET = 10.3;
				MTL_ENABLE_DEBUG_INFO = NO;
				SDKROOT = iphoneos;
				SWIFT_OPTIMIZATION_LEVEL = "-Owholemodule";
				TARGETED_DEVICE_FAMILY = "1,2";
				VALIDATE_PRODUCT = YES;
			};
			name = Release;
		};
		581004F71E9D15C40010C95E /* Debug */ = {
			isa = XCBuildConfiguration;
			baseConfigurationReference = B00CCB1F8608510AFB9D7C91 /* Pods-Desavio_appprova.debug.xcconfig */;
			buildSettings = {
				ASSETCATALOG_COMPILER_APPICON_NAME = AppIcon;
				DEVELOPMENT_TEAM = F5GE2RCAJT;
				INFOPLIST_FILE = Desavio_appprova/Info.plist;
				LD_RUNPATH_SEARCH_PATHS = "$(inherited) @executable_path/Frameworks";
				PRODUCT_BUNDLE_IDENTIFIER = "com.gabrielbraga.Desavio-appprova";
				PRODUCT_NAME = "$(TARGET_NAME)";
				SWIFT_VERSION = 3.0;
			};
			name = Debug;
		};
		581004F81E9D15C40010C95E /* Release */ = {
			isa = XCBuildConfiguration;
			baseConfigurationReference = 809FD1D7A56CA6FDFBD5E715 /* Pods-Desavio_appprova.release.xcconfig */;
			buildSettings = {
				ASSETCATALOG_COMPILER_APPICON_NAME = AppIcon;
				DEVELOPMENT_TEAM = F5GE2RCAJT;
				INFOPLIST_FILE = Desavio_appprova/Info.plist;
				LD_RUNPATH_SEARCH_PATHS = "$(inherited) @executable_path/Frameworks";
				PRODUCT_BUNDLE_IDENTIFIER = "com.gabrielbraga.Desavio-appprova";
				PRODUCT_NAME = "$(TARGET_NAME)";
				SWIFT_VERSION = 3.0;
			};
			name = Release;
		};
		581004FA1E9D15C40010C95E /* Debug */ = {
			isa = XCBuildConfiguration;
			buildSettings = {
				ALWAYS_EMBED_SWIFT_STANDARD_LIBRARIES = YES;
				BUNDLE_LOADER = "$(TEST_HOST)";
				DEVELOPMENT_TEAM = F5GE2RCAJT;
				INFOPLIST_FILE = Desavio_appprovaTests/Info.plist;
				LD_RUNPATH_SEARCH_PATHS = "$(inherited) @executable_path/Frameworks @loader_path/Frameworks";
				PRODUCT_BUNDLE_IDENTIFIER = "com.gabrielbraga.Desavio-appprovaTests";
				PRODUCT_NAME = "$(TARGET_NAME)";
				SWIFT_VERSION = 3.0;
				TEST_HOST = "$(BUILT_PRODUCTS_DIR)/Desavio_appprova.app/Desavio_appprova";
			};
			name = Debug;
		};
		581004FB1E9D15C40010C95E /* Release */ = {
			isa = XCBuildConfiguration;
			buildSettings = {
				ALWAYS_EMBED_SWIFT_STANDARD_LIBRARIES = YES;
				BUNDLE_LOADER = "$(TEST_HOST)";
				DEVELOPMENT_TEAM = F5GE2RCAJT;
				INFOPLIST_FILE = Desavio_appprovaTests/Info.plist;
				LD_RUNPATH_SEARCH_PATHS = "$(inherited) @executable_path/Frameworks @loader_path/Frameworks";
				PRODUCT_BUNDLE_IDENTIFIER = "com.gabrielbraga.Desavio-appprovaTests";
				PRODUCT_NAME = "$(TARGET_NAME)";
				SWIFT_VERSION = 3.0;
				TEST_HOST = "$(BUILT_PRODUCTS_DIR)/Desavio_appprova.app/Desavio_appprova";
			};
			name = Release;
		};
		581004FD1E9D15C40010C95E /* Debug */ = {
			isa = XCBuildConfiguration;
			buildSettings = {
				ALWAYS_EMBED_SWIFT_STANDARD_LIBRARIES = YES;
				DEVELOPMENT_TEAM = F5GE2RCAJT;
				INFOPLIST_FILE = Desavio_appprovaUITests/Info.plist;
				LD_RUNPATH_SEARCH_PATHS = "$(inherited) @executable_path/Frameworks @loader_path/Frameworks";
				PRODUCT_BUNDLE_IDENTIFIER = "com.gabrielbraga.Desavio-appprovaUITests";
				PRODUCT_NAME = "$(TARGET_NAME)";
				SWIFT_VERSION = 3.0;
				TEST_TARGET_NAME = Desavio_appprova;
			};
			name = Debug;
		};
		581004FE1E9D15C40010C95E /* Release */ = {
			isa = XCBuildConfiguration;
			buildSettings = {
				ALWAYS_EMBED_SWIFT_STANDARD_LIBRARIES = YES;
				DEVELOPMENT_TEAM = F5GE2RCAJT;
				INFOPLIST_FILE = Desavio_appprovaUITests/Info.plist;
				LD_RUNPATH_SEARCH_PATHS = "$(inherited) @executable_path/Frameworks @loader_path/Frameworks";
				PRODUCT_BUNDLE_IDENTIFIER = "com.gabrielbraga.Desavio-appprovaUITests";
				PRODUCT_NAME = "$(TARGET_NAME)";
				SWIFT_VERSION = 3.0;
				TEST_TARGET_NAME = Desavio_appprova;
			};
			name = Release;
		};
/* End XCBuildConfiguration section */

/* Begin XCConfigurationList section */
		581004C91E9D15C40010C95E /* Build configuration list for PBXProject "Desavio_appprova" */ = {
			isa = XCConfigurationList;
			buildConfigurations = (
				581004F41E9D15C40010C95E /* Debug */,
				581004F51E9D15C40010C95E /* Release */,
			);
			defaultConfigurationIsVisible = 0;
			defaultConfigurationName = Release;
		};
		581004F61E9D15C40010C95E /* Build configuration list for PBXNativeTarget "Desavio_appprova" */ = {
			isa = XCConfigurationList;
			buildConfigurations = (
				581004F71E9D15C40010C95E /* Debug */,
				581004F81E9D15C40010C95E /* Release */,
			);
			defaultConfigurationIsVisible = 0;
			defaultConfigurationName = Release;
		};
		581004F91E9D15C40010C95E /* Build configuration list for PBXNativeTarget "Desavio_appprovaTests" */ = {
			isa = XCConfigurationList;
			buildConfigurations = (
				581004FA1E9D15C40010C95E /* Debug */,
				581004FB1E9D15C40010C95E /* Release */,
			);
			defaultConfigurationIsVisible = 0;
			defaultConfigurationName = Release;
		};
		581004FC1E9D15C40010C95E /* Build configuration list for PBXNativeTarget "Desavio_appprovaUITests" */ = {
			isa = XCConfigurationList;
			buildConfigurations = (
				581004FD1E9D15C40010C95E /* Debug */,
				581004FE1E9D15C40010C95E /* Release */,
			);
			defaultConfigurationIsVisible = 0;
			defaultConfigurationName = Release;
		};
/* End XCConfigurationList section */
	};
	rootObject = 581004C61E9D15C40010C95E /* Project object */;
}
